
Microsoft Visual Studio Solution File, Format Version 12.00
# Visual Studio Version 16
VisualStudioVersion = 16.0.30621.155
MinimumVisualStudioVersion = 10.0.40219.1
Project("{FAE04EC0-301F-11D3-BF4B-00C04F79EFBC}") = "WayGuideManager", "WayGuideManager\WayGuideManager.csproj", "{EEB86A10-01A5-4998-9BA8-884C62B4D399}"
EndProject
Global
	GlobalSection(SolutionConfigurationPlatforms) = preSolution
		Debug|Any CPU = Debug|Any CPU
		Release|Any CPU = Release|Any CPU
	EndGlobalSection
	GlobalSection(ProjectConfigurationPlatforms) = postSolution
		{EEB86A10-01A5-4998-9BA8-884C62B4D399}.Debug|Any CPU.ActiveCfg = Debug|Any CPU
		{EEB86A10-01A5-4998-9BA8-884C62B4D399}.Debug|Any CPU.Build.0 = Debug|Any CPU
		{EEB86A10-01A5-4998-9BA8-884C62B4D399}.Release|Any CPU.ActiveCfg = Release|Any CPU
		{EEB86A10-01A5-4998-9BA8-884C62B4D399}.Release|Any CPU.Build.0 = Release|Any CPU
	EndGlobalSection
	GlobalSection(SolutionProperties) = preSolution
		HideSolutionNode = FALSE
	EndGlobalSection
	GlobalSection(ExtensibilityGlobals) = postSolution
		SolutionGuid = {ABD07041-33A9-4676-875E-67B5C6DED28A}
	EndGlobalSection
EndGlobal
